Microsoft Visual Studio Solution File, Format Version 10.00
# Visual Studio 2008
Project("{8BC9CEB8-8B4A-11D0-8D11-00A0C91BC942}") = "profiler", "..\profiler\profiler.vcproj", "{85432E88-D161-42F6-8478-60076F28EF45}"
EndProject
Project("{8BC9CEB8-8B4A-11D0-8D11-00A0C91BC942}") = "test", "test.vcproj", "{47404C44-2F35-4A38-9CA7-E727E54B7CEB}"
	ProjectSection(ProjectDependencies) = postProject
		{85432E88-D161-42F6-8478-60076F28EF45} = {85432E88-D161-42F6-8478-60076F28EF45}
	EndProjectSection
EndProject
Global
	GlobalSection(SolutionConfigurationPlatforms) = preSolution
		Debug|Win32 = Debug|Win32
		Release|Win32 = Release|Win32
	EndGlobalSection
	GlobalSection(ProjectConfigurationPlatforms) = postSolution
		{85432E88-D161-42F6-8478-60076F28EF45}.Debug|Win32.ActiveCfg = Debug|Win32
		{85432E88-D161-42F6-8478-60076F28EF45}.Debug|Win32.Build.0 = Debug|Win32
		{85432E88-D161-42F6-8478-60076F28EF45}.Release|Win32.ActiveCfg = Release|Win32
		{85432E88-D161-42F6-8478-60076F28EF45}.Release|Win32.Build.0 = Release|Win32
		{47404C44-2F35-4A38-9CA7-E727E54B7CEB}.Debug|Win32.ActiveCfg = Debug|Win32
		{47404C44-2F35-4A38-9CA7-E727E54B7CEB}.Debug|Win32.Build.0 = Debug|Win32
		{47404C44-2F35-4A38-9CA7-E727E54B7CEB}.Release|Win32.ActiveCfg = Release|Win32
		{47404C44-2F35-4A38-9CA7-E727E54B7CEB}.Release|Win32.Build.0 = Release|Win32
	EndGlobalSection
	GlobalSection(SolutionProperties) = preSolution
		HideSolutionNode = FALSE
	EndGlobalSection
EndGlobal
